
Microsoft Visual Studio Solution File, Format Version 12.00
# Visual Studio Version 16
VisualStudioVersion = 16.0.29306.81
MinimumVisualStudioVersion = 10.0.40219.1
Project("{9A19103F-16F7-4668-BE54-9A1E7A4F7556}") = "Project", "src\Project\Project.csproj", "{F9D8663E-7B97-4D75-8048-5C869B078C9E}"
EndProject
Project("{9A19103F-16F7-4668-BE54-9A1E7A4F7556}") = "Tests", "test\Tests\Tests.csproj", "{4F915D11-BFA8-4B74-9470-2443CC8B6DCC}"
EndProject
Project("{9A19103F-16F7-4668-BE54-9A1E7A4F7556}") = "BAL", "BAL\BAL.csproj", "{B8FC7C20-74FC-4D8F-821A-66C1A49AAF0A}"
EndProject
Project("{FAE04EC0-301F-11D3-BF4B-00C04F79EFBC}") = "WEBAPIDemo", "WEBAPIDemo\WEBAPIDemo.csproj", "{5F8E9871-320A-4788-8DDB-D5C262EB2223}"
EndProject
Global
	GlobalSection(SolutionConfigurationPlatforms) = preSolution
		Debug|Any CPU = Debug|Any CPU
		Release|Any CPU = Release|Any CPU
	EndGlobalSection
	GlobalSection(ProjectConfigurationPlatforms) = postSolution
		{F9D8663E-7B97-4D75-8048-5C869B078C9E}.Debug|Any CPU.ActiveCfg = Debug|Any CPU
		{F9D8663E-7B97-4D75-8048-5C869B078C9E}.Debug|Any CPU.Build.0 = Debug|Any CPU
		{F9D8663E-7B97-4D75-8048-5C869B078C9E}.Release|Any CPU.ActiveCfg = Release|Any CPU
		{F9D8663E-7B97-4D75-8048-5C869B078C9E}.Release|Any CPU.Build.0 = Release|Any CPU
		{4F915D11-BFA8-4B74-9470-2443CC8B6DCC}.Debug|Any CPU.ActiveCfg = Debug|Any CPU
		{4F915D11-BFA8-4B74-9470-2443CC8B6DCC}.Debug|Any CPU.Build.0 = Debug|Any CPU
		{4F915D11-BFA8-4B74-9470-2443CC8B6DCC}.Release|Any CPU.ActiveCfg = Release|Any CPU
		{4F915D11-BFA8-4B74-9470-2443CC8B6DCC}.Release|Any CPU.Build.0 = Release|Any CPU
		{B8FC7C20-74FC-4D8F-821A-66C1A49AAF0A}.Debug|Any CPU.ActiveCfg = Debug|Any CPU
		{B8FC7C20-74FC-4D8F-821A-66C1A49AAF0A}.Debug|Any CPU.Build.0 = Debug|Any CPU
		{B8FC7C20-74FC-4D8F-821A-66C1A49AAF0A}.Release|Any CPU.ActiveCfg = Release|Any CPU
		{B8FC7C20-74FC-4D8F-821A-66C1A49AAF0A}.Release|Any CPU.Build.0 = Release|Any CPU
		{5F8E9871-320A-4788-8DDB-D5C262EB2223}.Debug|Any CPU.ActiveCfg = Debug|Any CPU
		{5F8E9871-320A-4788-8DDB-D5C262EB2223}.Debug|Any CPU.Build.0 = Debug|Any CPU
		{5F8E9871-320A-4788-8DDB-D5C262EB2223}.Release|Any CPU.ActiveCfg = Release|Any CPU
		{5F8E9871-320A-4788-8DDB-D5C262EB2223}.Release|Any CPU.Build.0 = Release|Any CPU
	EndGlobalSection
	GlobalSection(SolutionProperties) = preSolution
		HideSolutionNode = FALSE
	EndGlobalSection
	GlobalSection(ExtensibilityGlobals) = postSolution
		SolutionGuid = {419FDC08-77E9-4BB7-A264-AEA203536721}
	EndGlobalSection
EndGlobal
